<Solution>
  <Project Path="Zadanie_02/Zadanie_02.csproj" />
  <Project Path="Zadanie_05/Zadanie_05.csproj" Id="2dd2329e-15b6-4e0b-9a83-5dbd4ca2dca0" />
  <Project Path="Zadanie_06/Zadanie_06.csproj" Id="282a7d34-ac28-44a1-abda-e7e3e63d7956" />
  <Project Path="Zadanie_07/Zadanie_07.csproj" Id="5188cab8-1601-41a6-8294-62c99ea3125e" />
</Solution>
