
Microsoft Visual Studio Solution File, Format Version 12.00
# Visual Studio Version 17
VisualStudioVersion = 17.14.36202.13
MinimumVisualStudioVersion = 10.0.40219.1
Project("{FAE04EC0-301F-11D3-BF4B-00C04F79EFBC}") = "Lab08-Task-01", "Lab08-Task-01\Lab08-Task-01.csproj", "{A14D5CBF-1F5A-404B-848A-ADA2B69E0F60}"
EndProject
Project("{FAE04EC0-301F-11D3-BF4B-00C04F79EFBC}") = "Lab08-Task-02", "Lab08-Task-02\Lab08-Task-02.csproj", "{F72008FF-88E7-4583-A31E-2E6E1B1790B9}"
EndProject
Project("{FAE04EC0-301F-11D3-BF4B-00C04F79EFBC}") = "Lab08-Task-03", "Lab08-Task-03\Lab08-Task-03.csproj", "{EA1C5D76-3D46-442A-9F6F-8B89018465B6}"
EndProject
Project("{FAE04EC0-301F-11D3-BF4B-00C04F79EFBC}") = "Lab08-Task-04", "Lab08-Task-04\Lab08-Task-04.csproj", "{FD0B2B9F-DEE3-4840-8AA7-2BF682E493A4}"
EndProject
Global
	GlobalSection(SolutionConfigurationPlatforms) = preSolution
		Debug|Any CPU = Debug|Any CPU
		Release|Any CPU = Release|Any CPU
	EndGlobalSection
	GlobalSection(ProjectConfigurationPlatforms) = postSolution
		{A14D5CBF-1F5A-404B-848A-ADA2B69E0F60}.Debug|Any CPU.ActiveCfg = Debug|Any CPU
		{A14D5CBF-1F5A-404B-848A-ADA2B69E0F60}.Debug|Any CPU.Build.0 = Debug|Any CPU
		{A14D5CBF-1F5A-404B-848A-ADA2B69E0F60}.Release|Any CPU.ActiveCfg = Release|Any CPU
		{A14D5CBF-1F5A-404B-848A-ADA2B69E0F60}.Release|Any CPU.Build.0 = Release|Any CPU
		{F72008FF-88E7-4583-A31E-2E6E1B1790B9}.Debug|Any CPU.ActiveCfg = Debug|Any CPU
		{F72008FF-88E7-4583-A31E-2E6E1B1790B9}.Debug|Any CPU.Build.0 = Debug|Any CPU
		{F72008FF-88E7-4583-A31E-2E6E1B1790B9}.Release|Any CPU.ActiveCfg = Release|Any CPU
		{F72008FF-88E7-4583-A31E-2E6E1B1790B9}.Release|Any CPU.Build.0 = Release|Any CPU
		{EA1C5D76-3D46-442A-9F6F-8B89018465B6}.Debug|Any CPU.ActiveCfg = Debug|Any CPU
		{EA1C5D76-3D46-442A-9F6F-8B89018465B6}.Debug|Any CPU.Build.0 = Debug|Any CPU
		{EA1C5D76-3D46-442A-9F6F-8B89018465B6}.Release|Any CPU.ActiveCfg = Release|Any CPU
		{EA1C5D76-3D46-442A-9F6F-8B89018465B6}.Release|Any CPU.Build.0 = Release|Any CPU
		{FD0B2B9F-DEE3-4840-8AA7-2BF682E493A4}.Debug|Any CPU.ActiveCfg = Debug|Any CPU
		{FD0B2B9F-DEE3-4840-8AA7-2BF682E493A4}.Debug|Any CPU.Build.0 = Debug|Any CPU
		{FD0B2B9F-DEE3-4840-8AA7-2BF682E493A4}.Release|Any CPU.ActiveCfg = Release|Any CPU
		{FD0B2B9F-DEE3-4840-8AA7-2BF682E493A4}.Release|Any CPU.Build.0 = Release|Any CPU
	EndGlobalSection
	GlobalSection(SolutionProperties) = preSolution
		HideSolutionNode = FALSE
	EndGlobalSection
	GlobalSection(ExtensibilityGlobals) = postSolution
		SolutionGuid = {EC3B13FF-8B54-4039-BD51-801378DB6BCD}
	EndGlobalSection
EndGlobal
