<Solution>
  <Project Path="Zadanie04_1_1/Zadanie04_1_1.csproj" Id="3e4980b0-4edc-4740-a482-a03d236d7fd9" />
  <Project Path="Zadanie04_1_2/Zadanie04_1_2.csproj" Id="b6e633de-7b8e-4023-80a5-17417c4d57e7" />
  <Project Path="Zadanie04_1_3/Zadanie04_1_3.csproj" Id="a3c06a7c-a420-4cd7-8cd1-f410bba88c7d" />
  <Project Path="Zadanie04_1_3_klient/Zadanie04_1_3_klient.csproj" Id="34bdb706-f215-4ac9-b4e1-49c3b05354ab" />
  <Project Path="Zadanie04_2_1/Zadanie04_2_1.csproj" Id="e5b1c4d8-2696-4876-872a-2b069b79b68f" />
  <Project Path="Zadanie04_2_2/Zadanie04_2_2.csproj" Id="d9bee897-0383-49e1-a96a-87107f6ca473" />
  <Project Path="Zadanie04_3_4/Zadanie04_3_4.csproj" Id="faf71d23-a4dd-4248-8ce6-b44a244a80c7" />
  <Project Path="Zadanie04_3_6/Zadanie04_3_6.csproj" Id="b24eb5d5-5d00-493e-8d7e-556b5ec3d714" />
</Solution>
