<Solution>
  <Project Path="Zadanie_01/Zadanie_01.csproj" Id="175c08cf-7b2f-4a95-ad95-223702ae17bc" />
  <Project Path="Zadanie_02/Zadanie_02.csproj" Id="7ccff9ba-224c-4594-882f-ab7ece00112f" />
  <Project Path="Zadanie_03/Zadanie_03.csproj" Id="70bb521a-41b6-44bb-a448-83fdc787f5d2" />
  <Project Path="Zadanie_04/Zadanie_04.csproj" Id="38052d01-dc25-40f3-a8c0-730a578cfaaa" />
  <Project Path="Zadanie_05/Zadanie_05.csproj" Id="5a5cc2cd-5034-4803-91dd-57ed4da751b4" />
  <Project Path="Zadanie_07/Zadanie_07.csproj" Id="dd1f968d-d008-4f39-aa81-4aa7c291d571" />
  <Project Path="Zadanie_06/Zadanie_06.csproj" Id="d7b8ee3a-7288-449d-ae6d-87cf62e910c7" />
</Solution>
