<Solution>
  <Project Path="Zadanie_01/Zadanie_01.csproj" />
  <Project Path="Zadanie_02/Zadanie_02.csproj" />
  <Project Path="Zadanie_03/Zadanie_03.csproj" />
  <Project Path="Zadanie_04/Zadanie_04.csproj" />
  <Project Path="Zadanie_05/Zadanie_05.csproj" />
  <Project Path="Zadanie_06/Zadanie_06.csproj" />
  <Project Path="Zadanie_07/Zadanie_07.csproj" />
</Solution>
